
Microsoft Visual Studio Solution File, Format Version 12.00
# Visual Studio Version 16
VisualStudioVersion = 16.0.29503.13
MinimumVisualStudioVersion = 10.0.40219.1
Project("{8BC9CEB8-8B4A-11D0-8D11-00A0C91BC942}") = "Type201HeaterCpp", "Type201HeaterCpp.vcxproj", "{26CA7D87-3A00-4473-AC88-4C55659E0728}"
EndProject
Global
	GlobalSection(SolutionConfigurationPlatforms) = preSolution
		Debug|x64 = Debug|x64
		Debug|x86 = Debug|x86
		Release|x64 = Release|x64
		Release|x86 = Release|x86
	EndGlobalSection
	GlobalSection(ProjectConfigurationPlatforms) = postSolution
		{26CA7D87-3A00-4473-AC88-4C55659E0728}.Debug|x64.ActiveCfg = Debug|x64
		{26CA7D87-3A00-4473-AC88-4C55659E0728}.Debug|x64.Build.0 = Debug|x64
		{26CA7D87-3A00-4473-AC88-4C55659E0728}.Debug|x86.ActiveCfg = Debug|Win32
		{26CA7D87-3A00-4473-AC88-4C55659E0728}.Debug|x86.Build.0 = Debug|Win32
		{26CA7D87-3A00-4473-AC88-4C55659E0728}.Release|x64.ActiveCfg = Release|x64
		{26CA7D87-3A00-4473-AC88-4C55659E0728}.Release|x64.Build.0 = Release|x64
		{26CA7D87-3A00-4473-AC88-4C55659E0728}.Release|x86.ActiveCfg = Release|Win32
		{26CA7D87-3A00-4473-AC88-4C55659E0728}.Release|x86.Build.0 = Release|Win32
	EndGlobalSection
	GlobalSection(SolutionProperties) = preSolution
		HideSolutionNode = FALSE
	EndGlobalSection
	GlobalSection(ExtensibilityGlobals) = postSolution
		SolutionGuid = {7854BE3C-AFFD-40FA-A2AF-E4DCD8B9B945}
	EndGlobalSection
EndGlobal
