<?xml version="1.0" encoding="utf-8"?>
<Project ToolsVersion="4.0" xmlns="http://schemas.microsoft.com/developer/msbuild/2003">
  <ItemGroup>
    <Filter Include="Source Files">
      <UniqueIdentifier>{36f4367d-a875-4e4d-aff6-b742285c5ee2}</UniqueIdentifier>
      <Extensions>cpp;c;cxx;rc;def;r;odl;idl;hpj;bat;f90;for;f;fpp</Extensions>
    </Filter>
    <Filter Include="Libraries">
      <UniqueIdentifier>{eefe3cf1-a047-4d4d-9a74-0ef5b8133d03}</UniqueIdentifier>
    </Filter>
    <Filter Include="Header Files">
      <UniqueIdentifier>{f00fe720-e9d6-4ab6-9280-03a0fdb77601}</UniqueIdentifier>
      <Extensions>h;hpp;hxx;hm;inl;fi;fd</Extensions>
    </Filter>
    <Filter Include="Resource Files">
      <UniqueIdentifier>{68d70666-97b6-4872-9abb-841d71f2f523}</UniqueIdentifier>
      <Extensions>ico;cur;bmp;dlg;rc2;rct;bin;rgs;gif;jpg;jpeg;jpe</Extensions>
    </Filter>
  </ItemGroup>
  <ItemGroup>
    <Library Include="..\..\..\..\..\..\Trnsys17_01_0028\Exe\TRNDll.lib">
      <Filter>Libraries</Filter>
    </Library>
  </ItemGroup>
  <ItemGroup>
    <CustomBuild Include="Type219Controller.for">
      <Filter>Source Files</Filter>
    </CustomBuild>
  </ItemGroup>
</Project>